
Microsoft Visual Studio Solution File, Format Version 12.00
# Visual Studio 2013
VisualStudioVersion = 12.0.31101.0
MinimumVisualStudioVersion = 10.0.40219.1
Project("{FAE04EC0-301F-11D3-BF4B-00C04F79EFBC}") = "BinaryTree", "BinaryTree\BinaryTree.csproj", "{AA97050E-EA81-4DDD-98DD-270AEB821AC2}"
EndProject
Project("{FAE04EC0-301F-11D3-BF4B-00C04F79EFBC}") = "Daybook", "Daybook\Daybook.csproj", "{62E7A5C3-33E2-462B-933D-02981BEA831F}"
EndProject
Project("{FAE04EC0-301F-11D3-BF4B-00C04F79EFBC}") = "BinaryTreeTest", "BinaryTreeTest\BinaryTreeTest.csproj", "{E9354478-1294-4D99-B6E3-4F014EB7BAAB}"
EndProject
Global
	GlobalSection(SolutionConfigurationPlatforms) = preSolution
		Debug|Any CPU = Debug|Any CPU
		Release|Any CPU = Release|Any CPU
	EndGlobalSection
	GlobalSection(ProjectConfigurationPlatforms) = postSolution
		{AA97050E-EA81-4DDD-98DD-270AEB821AC2}.Debug|Any CPU.ActiveCfg = Debug|Any CPU
		{AA97050E-EA81-4DDD-98DD-270AEB821AC2}.Debug|Any CPU.Build.0 = Debug|Any CPU
		{AA97050E-EA81-4DDD-98DD-270AEB821AC2}.Release|Any CPU.ActiveCfg = Release|Any CPU
		{AA97050E-EA81-4DDD-98DD-270AEB821AC2}.Release|Any CPU.Build.0 = Release|Any CPU
		{62E7A5C3-33E2-462B-933D-02981BEA831F}.Debug|Any CPU.ActiveCfg = Debug|Any CPU
		{62E7A5C3-33E2-462B-933D-02981BEA831F}.Debug|Any CPU.Build.0 = Debug|Any CPU
		{62E7A5C3-33E2-462B-933D-02981BEA831F}.Release|Any CPU.ActiveCfg = Release|Any CPU
		{62E7A5C3-33E2-462B-933D-02981BEA831F}.Release|Any CPU.Build.0 = Release|Any CPU
		{E9354478-1294-4D99-B6E3-4F014EB7BAAB}.Debug|Any CPU.ActiveCfg = Debug|Any CPU
		{E9354478-1294-4D99-B6E3-4F014EB7BAAB}.Debug|Any CPU.Build.0 = Debug|Any CPU
		{E9354478-1294-4D99-B6E3-4F014EB7BAAB}.Release|Any CPU.ActiveCfg = Release|Any CPU
		{E9354478-1294-4D99-B6E3-4F014EB7BAAB}.Release|Any CPU.Build.0 = Release|Any CPU
	EndGlobalSection
	GlobalSection(SolutionProperties) = preSolution
		HideSolutionNode = FALSE
	EndGlobalSection
EndGlobal
